
Microsoft Visual Studio Solution File, Format Version 12.00
# Visual Studio Version 16
VisualStudioVersion = 16.0.30002.166
MinimumVisualStudioVersion = 10.0.40219.1
Project("{FAE04EC0-301F-11D3-BF4B-00C04F79EFBC}") = "ConsoleUtils", "ConsoleUtils\ConsoleUtils.csproj", "{DE9BDEF5-4279-47B6-80FA-969B2A77493F}"
EndProject
Global
	GlobalSection(SolutionConfigurationPlatforms) = preSolution
		Debug|Any CPU = Debug|Any CPU
		Release|Any CPU = Release|Any CPU
	EndGlobalSection
	GlobalSection(ProjectConfigurationPlatforms) = postSolution
		{DE9BDEF5-4279-47B6-80FA-969B2A77493F}.Debug|Any CPU.ActiveCfg = Debug|Any CPU
		{DE9BDEF5-4279-47B6-80FA-969B2A77493F}.Debug|Any CPU.Build.0 = Debug|Any CPU
		{DE9BDEF5-4279-47B6-80FA-969B2A77493F}.Release|Any CPU.ActiveCfg = Release|Any CPU
		{DE9BDEF5-4279-47B6-80FA-969B2A77493F}.Release|Any CPU.Build.0 = Release|Any CPU
	EndGlobalSection
	GlobalSection(SolutionProperties) = preSolution
		HideSolutionNode = FALSE
	EndGlobalSection
	GlobalSection(ExtensibilityGlobals) = postSolution
		SolutionGuid = {D8A6FA8C-4D26-4858-941C-3712B88D1ABF}
	EndGlobalSection
EndGlobal
